
Microsoft Visual Studio Solution File, Format Version 11.00
# Visual Studio 2010
Project("{FAE04EC0-301F-11D3-BF4B-00C04F79EFBC}") = "Build", "Build\Build.csproj", "{DC50CFD9-989B-4F0F-A141-2FB783F3BD38}"
EndProject
Project("{FAE04EC0-301F-11D3-BF4B-00C04F79EFBC}") = "OurSonic", "OurSonic\OurSonic.csproj", "{3222B6FB-15F6-4217-8ECD-193BCFCE7D60}"
EndProject
Project("{E24C65DC-7377-472B-9ABA-BC803B73C61A}") = "Output", "Output\", "{50600C4F-4CCD-4AE7-A1EF-C3D183ED232E}"
	ProjectSection(WebsiteProperties) = preProject
		TargetFrameworkMoniker = ".NETFramework,Version%3Dv4.0"
		Debug.AspNetCompiler.VirtualPath = "/Output"
		Debug.AspNetCompiler.PhysicalPath = "Output\"
		Debug.AspNetCompiler.TargetPath = "PrecompiledWeb\Output\"
		Debug.AspNetCompiler.Updateable = "true"
		Debug.AspNetCompiler.ForceOverwrite = "true"
		Debug.AspNetCompiler.FixedNames = "false"
		Debug.AspNetCompiler.Debug = "True"
		Release.AspNetCompiler.VirtualPath = "/Output"
		Release.AspNetCompiler.PhysicalPath = "Output\"
		Release.AspNetCompiler.TargetPath = "PrecompiledWeb\Output\"
		Release.AspNetCompiler.Updateable = "true"
		Release.AspNetCompiler.ForceOverwrite = "true"
		Release.AspNetCompiler.FixedNames = "false"
		Release.AspNetCompiler.Debug = "False"
		VWDPort = "49247"
	EndProjectSection
EndProject
Project("{FAE04EC0-301F-11D3-BF4B-00C04F79EFBC}") = "OurSonicNode", "OurSonicNode\OurSonicNode.csproj", "{1F57228D-11FC-49D8-AB36-7B026D5FE5DF}"
EndProject
Project("{FAE04EC0-301F-11D3-BF4B-00C04F79EFBC}") = "OurSonicModels", "OurSonicModels\OurSonicModels.csproj", "{D16CB407-F890-4670-8DB6-37DF76880297}"
EndProject
Project("{2150E333-8FDC-42A3-9474-1A3956D46DE8}") = "NodeLibraries", "NodeLibraries", "{CAEDB2F8-03B4-4432-B8A8-6594C697E23B}"
EndProject
Project("{FAE04EC0-301F-11D3-BF4B-00C04F79EFBC}") = "Fibers", "NodeLibraries\Fibers\Fibers.csproj", "{48C25DF7-AFC5-4AC0-B11A-535DEF87076D}"
EndProject
Project("{FAE04EC0-301F-11D3-BF4B-00C04F79EFBC}") = "MongoDB", "NodeLibraries\MongoDB\MongoDB.csproj", "{EAC709D8-477C-41F5-93E9-1C39C3C5E5A9}"
EndProject
Project("{FAE04EC0-301F-11D3-BF4B-00C04F79EFBC}") = "Redis", "NodeLibraries\Redis\Redis.csproj", "{5214FA01-BBBF-425F-B77D-1F6DA7AEB4ED}"
EndProject
Project("{FAE04EC0-301F-11D3-BF4B-00C04F79EFBC}") = "SocketIO", "NodeLibraries\SocketIO\SocketIO.csproj", "{BD7C6F4F-3798-4C32-9EE1-306CF197F81E}"
EndProject
Project("{FAE04EC0-301F-11D3-BF4B-00C04F79EFBC}") = "NodeJS", "NodeLibraries\NodeJS\NodeJS.csproj", "{79800429-B885-4F5E-9A3B-48E50390214A}"
EndProject
Project("{FAE04EC0-301F-11D3-BF4B-00C04F79EFBC}") = "WebLibraries", "WebLibraries\WebLibraries.csproj", "{B422D05D-269F-4B44-968B-2293A1CC3445}"
EndProject
Global
	GlobalSection(SolutionConfigurationPlatforms) = preSolution
		Debug|Any CPU = Debug|Any CPU
		Release|Any CPU = Release|Any CPU
	EndGlobalSection
	GlobalSection(ProjectConfigurationPlatforms) = postSolution
		{DC50CFD9-989B-4F0F-A141-2FB783F3BD38}.Debug|Any CPU.ActiveCfg = Debug|Any CPU
		{DC50CFD9-989B-4F0F-A141-2FB783F3BD38}.Debug|Any CPU.Build.0 = Debug|Any CPU
		{DC50CFD9-989B-4F0F-A141-2FB783F3BD38}.Release|Any CPU.ActiveCfg = Release|Any CPU
		{DC50CFD9-989B-4F0F-A141-2FB783F3BD38}.Release|Any CPU.Build.0 = Release|Any CPU
		{3222B6FB-15F6-4217-8ECD-193BCFCE7D60}.Debug|Any CPU.ActiveCfg = Debug|Any CPU
		{3222B6FB-15F6-4217-8ECD-193BCFCE7D60}.Debug|Any CPU.Build.0 = Debug|Any CPU
		{3222B6FB-15F6-4217-8ECD-193BCFCE7D60}.Release|Any CPU.ActiveCfg = Release|Any CPU
		{3222B6FB-15F6-4217-8ECD-193BCFCE7D60}.Release|Any CPU.Build.0 = Release|Any CPU
		{50600C4F-4CCD-4AE7-A1EF-C3D183ED232E}.Debug|Any CPU.ActiveCfg = Debug|Any CPU
		{50600C4F-4CCD-4AE7-A1EF-C3D183ED232E}.Debug|Any CPU.Build.0 = Debug|Any CPU
		{50600C4F-4CCD-4AE7-A1EF-C3D183ED232E}.Release|Any CPU.ActiveCfg = Debug|Any CPU
		{50600C4F-4CCD-4AE7-A1EF-C3D183ED232E}.Release|Any CPU.Build.0 = Debug|Any CPU
		{1F57228D-11FC-49D8-AB36-7B026D5FE5DF}.Debug|Any CPU.ActiveCfg = Debug|Any CPU
		{1F57228D-11FC-49D8-AB36-7B026D5FE5DF}.Debug|Any CPU.Build.0 = Debug|Any CPU
		{1F57228D-11FC-49D8-AB36-7B026D5FE5DF}.Release|Any CPU.ActiveCfg = Release|Any CPU
		{1F57228D-11FC-49D8-AB36-7B026D5FE5DF}.Release|Any CPU.Build.0 = Release|Any CPU
		{D16CB407-F890-4670-8DB6-37DF76880297}.Debug|Any CPU.ActiveCfg = Debug|Any CPU
		{D16CB407-F890-4670-8DB6-37DF76880297}.Debug|Any CPU.Build.0 = Debug|Any CPU
		{D16CB407-F890-4670-8DB6-37DF76880297}.Release|Any CPU.ActiveCfg = Release|Any CPU
		{D16CB407-F890-4670-8DB6-37DF76880297}.Release|Any CPU.Build.0 = Release|Any CPU
		{48C25DF7-AFC5-4AC0-B11A-535DEF87076D}.Debug|Any CPU.ActiveCfg = Debug|Any CPU
		{48C25DF7-AFC5-4AC0-B11A-535DEF87076D}.Release|Any CPU.ActiveCfg = Release|Any CPU
		{EAC709D8-477C-41F5-93E9-1C39C3C5E5A9}.Debug|Any CPU.ActiveCfg = Debug|Any CPU
		{EAC709D8-477C-41F5-93E9-1C39C3C5E5A9}.Release|Any CPU.ActiveCfg = Release|Any CPU
		{5214FA01-BBBF-425F-B77D-1F6DA7AEB4ED}.Debug|Any CPU.ActiveCfg = Debug|Any CPU
		{5214FA01-BBBF-425F-B77D-1F6DA7AEB4ED}.Release|Any CPU.ActiveCfg = Release|Any CPU
		{BD7C6F4F-3798-4C32-9EE1-306CF197F81E}.Debug|Any CPU.ActiveCfg = Debug|Any CPU
		{BD7C6F4F-3798-4C32-9EE1-306CF197F81E}.Release|Any CPU.ActiveCfg = Release|Any CPU
		{79800429-B885-4F5E-9A3B-48E50390214A}.Debug|Any CPU.ActiveCfg = Debug|Any CPU
		{79800429-B885-4F5E-9A3B-48E50390214A}.Debug|Any CPU.Build.0 = Debug|Any CPU
		{79800429-B885-4F5E-9A3B-48E50390214A}.Release|Any CPU.ActiveCfg = Release|Any CPU
		{79800429-B885-4F5E-9A3B-48E50390214A}.Release|Any CPU.Build.0 = Release|Any CPU
		{B422D05D-269F-4B44-968B-2293A1CC3445}.Debug|Any CPU.ActiveCfg = Debug|Any CPU
		{B422D05D-269F-4B44-968B-2293A1CC3445}.Debug|Any CPU.Build.0 = Debug|Any CPU
		{B422D05D-269F-4B44-968B-2293A1CC3445}.Release|Any CPU.ActiveCfg = Release|Any CPU
		{B422D05D-269F-4B44-968B-2293A1CC3445}.Release|Any CPU.Build.0 = Release|Any CPU
	EndGlobalSection
	GlobalSection(SolutionProperties) = preSolution
		HideSolutionNode = FALSE
	EndGlobalSection
	GlobalSection(NestedProjects) = preSolution
		{48C25DF7-AFC5-4AC0-B11A-535DEF87076D} = {CAEDB2F8-03B4-4432-B8A8-6594C697E23B}
		{EAC709D8-477C-41F5-93E9-1C39C3C5E5A9} = {CAEDB2F8-03B4-4432-B8A8-6594C697E23B}
		{5214FA01-BBBF-425F-B77D-1F6DA7AEB4ED} = {CAEDB2F8-03B4-4432-B8A8-6594C697E23B}
		{BD7C6F4F-3798-4C32-9EE1-306CF197F81E} = {CAEDB2F8-03B4-4432-B8A8-6594C697E23B}
		{79800429-B885-4F5E-9A3B-48E50390214A} = {CAEDB2F8-03B4-4432-B8A8-6594C697E23B}
	EndGlobalSection
EndGlobal
